
Microsoft Visual Studio Solution File, Format Version 12.00
# Visual Studio Version 16
VisualStudioVersion = 16.0.29806.167
MinimumVisualStudioVersion = 10.0.40219.1
Project("{FAE04EC0-301F-11D3-BF4B-00C04F79EFBC}") = "validation_Example", "validation_Example\validation_Example.csproj", "{6C9FF7EB-94B9-4A7E-BCEC-067C3E04C31E}"
EndProject
Global
	GlobalSection(SolutionConfigurationPlatforms) = preSolution
		Debug|Any CPU = Debug|Any CPU
		Release|Any CPU = Release|Any CPU
	EndGlobalSection
	GlobalSection(ProjectConfigurationPlatforms) = postSolution
		{6C9FF7EB-94B9-4A7E-BCEC-067C3E04C31E}.Debug|Any CPU.ActiveCfg = Debug|Any CPU
		{6C9FF7EB-94B9-4A7E-BCEC-067C3E04C31E}.Debug|Any CPU.Build.0 = Debug|Any CPU
		{6C9FF7EB-94B9-4A7E-BCEC-067C3E04C31E}.Release|Any CPU.ActiveCfg = Release|Any CPU
		{6C9FF7EB-94B9-4A7E-BCEC-067C3E04C31E}.Release|Any CPU.Build.0 = Release|Any CPU
	EndGlobalSection
	GlobalSection(SolutionProperties) = preSolution
		HideSolutionNode = FALSE
	EndGlobalSection
	GlobalSection(ExtensibilityGlobals) = postSolution
		SolutionGuid = {82CB6776-101F-435A-B7E0-D38675C6D3A1}
	EndGlobalSection
EndGlobal
